// !$*UTF8*$!
{
	archiveVersion = 1;
	classes = {
	};
	objectVersion = 50;
	objects = {

/* Begin PBXBuildFile section */
		A0004F272489E6DA00CAEAA0 /* Minimum Remove to Make Valid Parentheses.swift in Sources */ = {isa = PBXBuildFile; fileRef = A0004F262489E6DA00CAEAA0 /* Minimum Remove to Make Valid Parentheses.swift */; };
		A00107D224449214000030EA /* Tri.swift in Sources */ = {isa = PBXBuildFile; fileRef = A00107D124449214000030EA /* Tri.swift */; };
		A00107D42444B6BF000030EA /* MergeSort.swift in Sources */ = {isa = PBXBuildFile; fileRef = A00107D32444B6BF000030EA /* MergeSort.swift */; };
		A00B7A722435CC6E00E8D351 /* AppDelegate.swift in Sources */ = {isa = PBXBuildFile; fileRef = A00B7A712435CC6E00E8D351 /* AppDelegate.swift */; };
		A00B7A742435CC6E00E8D351 /* SceneDelegate.swift in Sources */ = {isa = PBXBuildFile; fileRef = A00B7A732435CC6E00E8D351 /* SceneDelegate.swift */; };
		A00B7A762435CC6E00E8D351 /* ViewController.swift in Sources */ = {isa = PBXBuildFile; fileRef = A00B7A752435CC6E00E8D351 /* ViewController.swift */; };
		A00B7A792435CC6E00E8D351 /* Main.storyboard in Resources */ = {isa = PBXBuildFile; fileRef = A00B7A772435CC6E00E8D351 /* Main.storyboard */; };
		A00B7A7B2435CC7100E8D351 /* Assets.xcassets in Resources */ = {isa = PBXBuildFile; fileRef = A00B7A7A2435CC7100E8D351 /* Assets.xcassets */; };
		A00B7A7E2435CC7100E8D351 /* LaunchScreen.storyboard in Resources */ = {isa = PBXBuildFile; fileRef = A00B7A7C2435CC7100E8D351 /* LaunchScreen.storyboard */; };
		A023824A244858970085B4A2 /* K-diff Pairs in an Array.swift in Sources */ = {isa = PBXBuildFile; fileRef = A0238249244858970085B4A2 /* K-diff Pairs in an Array.swift */; };
		A0315A1D247F7C53003336D5 /* Palindrome Partitioning.swift in Sources */ = {isa = PBXBuildFile; fileRef = A0315A1C247F7C53003336D5 /* Palindrome Partitioning.swift */; };
		A03C44382483A6C200815E11 /* Longest Common Subsequence.swift in Sources */ = {isa = PBXBuildFile; fileRef = A03C44372483A6C200815E11 /* Longest Common Subsequence.swift */; };
		A041D196244733020063BB30 /* Edit Distance.swift in Sources */ = {isa = PBXBuildFile; fileRef = A041D195244733020063BB30 /* Edit Distance.swift */; };
		A04650C72440CBBC00E954C5 /* Minimum Window Substring.swift in Sources */ = {isa = PBXBuildFile; fileRef = A04650C62440CBBC00E954C5 /* Minimum Window Substring.swift */; };
		A04D76A42480EE4700C50ED3 /* 3Sum Smaller.swift in Sources */ = {isa = PBXBuildFile; fileRef = A04D76A32480EE4700C50ED3 /* 3Sum Smaller.swift */; };
		A04D76A6248101B500C50ED3 /* Contiguous Array.swift in Sources */ = {isa = PBXBuildFile; fileRef = A04D76A5248101B500C50ED3 /* Contiguous Array.swift */; };
		A04E731D244879FB007CE243 /* Maximum Product Sum Among All Rotations.swift in Sources */ = {isa = PBXBuildFile; fileRef = A04E731C244879FB007CE243 /* Maximum Product Sum Among All Rotations.swift */; };
		A04E731F2448B404007CE243 /* Minimum Swaps To Sort An Array.swift in Sources */ = {isa = PBXBuildFile; fileRef = A04E731E2448B404007CE243 /* Minimum Swaps To Sort An Array.swift */; };
		A04E73212448E81D007CE243 /* Interleaving String.swift in Sources */ = {isa = PBXBuildFile; fileRef = A04E73202448E81D007CE243 /* Interleaving String.swift */; };
		A05C7F43243A196000CB5854 /* House Robber.swift in Sources */ = {isa = PBXBuildFile; fileRef = A05C7F42243A196000CB5854 /* House Robber.swift */; };
		A05F44E024755DFB00975D3A /* Construct Binary Tree from Preorder and Inorder Traversal.swift in Sources */ = {isa = PBXBuildFile; fileRef = A05F44DF24755DFB00975D3A /* Construct Binary Tree from Preorder and Inorder Traversal.swift */; };
		A05F44E2247590E000975D3A /* Boundary Traversal Of Binary Tree .swift in Sources */ = {isa = PBXBuildFile; fileRef = A05F44E1247590E000975D3A /* Boundary Traversal Of Binary Tree .swift */; };
		A05FADCE244258DC00A244B2 /* Frequencies of array elements in range 1 to n.swift in Sources */ = {isa = PBXBuildFile; fileRef = A05FADCD244258DC00A244B2 /* Frequencies of array elements in range 1 to n.swift */; };
		A062CAF92447693F00521419 /* todoList in Resources */ = {isa = PBXBuildFile; fileRef = A062CAF82447693F00521419 /* todoList */; };
		A06B2625243DFC48008BAAF6 /* Sum Tree.swift in Sources */ = {isa = PBXBuildFile; fileRef = A06B2624243DFC48008BAAF6 /* Sum Tree.swift */; };
		A06B2627243E08DB008BAAF6 /* Binary Tree Paths.swift in Sources */ = {isa = PBXBuildFile; fileRef = A06B2626243E08DB008BAAF6 /* Binary Tree Paths.swift */; };
		A06B2629243E42DE008BAAF6 /* Recover Binary Search Tree.swift in Sources */ = {isa = PBXBuildFile; fileRef = A06B2628243E42DE008BAAF6 /* Recover Binary Search Tree.swift */; };
		A06B262B243E5396008BAAF6 /* Reorder List.swift in Sources */ = {isa = PBXBuildFile; fileRef = A06B262A243E5396008BAAF6 /* Reorder List.swift */; };
		A06B262E243F829B008BAAF6 /* Heap.swift in Sources */ = {isa = PBXBuildFile; fileRef = A06B262D243F829B008BAAF6 /* Heap.swift */; };
		A070C35F2445D9120057E550 /* Sorter.swift in Sources */ = {isa = PBXBuildFile; fileRef = A070C35E2445D9120057E550 /* Sorter.swift */; };
		A0732414249F4772009963E4 /* SubSetSum.swift in Sources */ = {isa = PBXBuildFile; fileRef = A0732413249F4772009963E4 /* SubSetSum.swift */; };
		A0732416249F47CD009963E4 /* Longest Palindromic Substring.swift in Sources */ = {isa = PBXBuildFile; fileRef = A0732415249F47CD009963E4 /* Longest Palindromic Substring.swift */; };
		A07E15EE2435CCB000CC8702 /* Executable.swift in Sources */ = {isa = PBXBuildFile; fileRef = A07E15C52435CCB000CC8702 /* Executable.swift */; };
		A07E15EF2435CCB000CC8702 /* Diameter of Binary Tree.swift in Sources */ = {isa = PBXBuildFile; fileRef = A07E15C82435CCB000CC8702 /* Diameter of Binary Tree.swift */; };
		A07E15F02435CCB000CC8702 /* InvertBinaryTree.swift in Sources */ = {isa = PBXBuildFile; fileRef = A07E15C92435CCB000CC8702 /* InvertBinaryTree.swift */; };
		A07E15F12435CCB000CC8702 /* VerticalOrderTraversal.swift in Sources */ = {isa = PBXBuildFile; fileRef = A07E15CA2435CCB000CC8702 /* VerticalOrderTraversal.swift */; };
		A07E15F22435CCB000CC8702 /* Validate Binary Search Tree.swift in Sources */ = {isa = PBXBuildFile; fileRef = A07E15CB2435CCB000CC8702 /* Validate Binary Search Tree.swift */; };
		A07E15F32435CCB000CC8702 /* Kth Smallest Element in a BST.swift in Sources */ = {isa = PBXBuildFile; fileRef = A07E15CC2435CCB000CC8702 /* Kth Smallest Element in a BST.swift */; };
		A07E15F42435CCB000CC8702 /* LCA of a Binary Tree.swift in Sources */ = {isa = PBXBuildFile; fileRef = A07E15CD2435CCB000CC8702 /* LCA of a Binary Tree.swift */; };
		A07E15F52435CCB000CC8702 /* Tree.swift in Sources */ = {isa = PBXBuildFile; fileRef = A07E15CE2435CCB000CC8702 /* Tree.swift */; };
		A07E15F62435CCB000CC8702 /* MaximumDepthofBinaryTree.swift in Sources */ = {isa = PBXBuildFile; fileRef = A07E15CF2435CCB000CC8702 /* MaximumDepthofBinaryTree.swift */; };
		A07E15F72435CCB000CC8702 /* MinimunDepth.swift in Sources */ = {isa = PBXBuildFile; fileRef = A07E15D02435CCB000CC8702 /* MinimunDepth.swift */; };
		A07E15F82435CCB000CC8702 /* LevelOrderTraversal.swift in Sources */ = {isa = PBXBuildFile; fileRef = A07E15D12435CCB000CC8702 /* LevelOrderTraversal.swift */; };
		A07E15F92435CCB000CC8702 /* MaximumPathSum.swift in Sources */ = {isa = PBXBuildFile; fileRef = A07E15D22435CCB000CC8702 /* MaximumPathSum.swift */; };
		A07E15FA2435CCB000CC8702 /* Shortest distance between two nodes in BST.swift in Sources */ = {isa = PBXBuildFile; fileRef = A07E15D32435CCB000CC8702 /* Shortest distance between two nodes in BST.swift */; };
		A07E15FB2435CCB000CC8702 /* LRUCache.swift in Sources */ = {isa = PBXBuildFile; fileRef = A07E15D52435CCB000CC8702 /* LRUCache.swift */; };
		A07E15FC2435CCB000CC8702 /* KthLargestElement.swift in Sources */ = {isa = PBXBuildFile; fileRef = A07E15D72435CCB000CC8702 /* KthLargestElement.swift */; };
		A07E15FD2435CCB000CC8702 /* Subsets.swift in Sources */ = {isa = PBXBuildFile; fileRef = A07E15D82435CCB000CC8702 /* Subsets.swift */; };
		A07E15FE2435CCB000CC8702 /* Jump Game.swift in Sources */ = {isa = PBXBuildFile; fileRef = A07E15D92435CCB000CC8702 /* Jump Game.swift */; };
		A07E15FF2435CCB000CC8702 /* BinarySearch.swift in Sources */ = {isa = PBXBuildFile; fileRef = A07E15DA2435CCB000CC8702 /* BinarySearch.swift */; };
		A07E16002435CCB000CC8702 /* Subarray Sum Equals K.swift in Sources */ = {isa = PBXBuildFile; fileRef = A07E15DB2435CCB000CC8702 /* Subarray Sum Equals K.swift */; };
		A07E16012435CCB000CC8702 /* WordLadder.swift in Sources */ = {isa = PBXBuildFile; fileRef = A07E15DD2435CCB000CC8702 /* WordLadder.swift */; };
		A07E16022435CCB000CC8702 /* Power.swift in Sources */ = {isa = PBXBuildFile; fileRef = A07E15DF2435CCB000CC8702 /* Power.swift */; };
		A07E16032435CCB000CC8702 /* Palindrome Number.swift in Sources */ = {isa = PBXBuildFile; fileRef = A07E15E02435CCB000CC8702 /* Palindrome Number.swift */; };
		A07E16042435CCB000CC8702 /* Count Primes.swift in Sources */ = {isa = PBXBuildFile; fileRef = A07E15E12435CCB000CC8702 /* Count Primes.swift */; };
		A07E16052435CCB000CC8702 /* Valid Number.swift in Sources */ = {isa = PBXBuildFile; fileRef = A07E15E22435CCB000CC8702 /* Valid Number.swift */; };
		A07E16062435CCB000CC8702 /* QuickSort.swift in Sources */ = {isa = PBXBuildFile; fileRef = A07E15E42435CCB000CC8702 /* QuickSort.swift */; };
		A07E16072435CCB000CC8702 /* Queue.swift in Sources */ = {isa = PBXBuildFile; fileRef = A07E15E62435CCB000CC8702 /* Queue.swift */; };
		A07E16082435CCB000CC8702 /* Partition Equal Subset Sum.swift in Sources */ = {isa = PBXBuildFile; fileRef = A07E15E82435CCB000CC8702 /* Partition Equal Subset Sum.swift */; };
		A07E16092435CCB000CC8702 /* LinkList.swift in Sources */ = {isa = PBXBuildFile; fileRef = A07E15EA2435CCB000CC8702 /* LinkList.swift */; };
		A07E160A2435CCB000CC8702 /* Diagonal Traverse.swift in Sources */ = {isa = PBXBuildFile; fileRef = A07E15EC2435CCB000CC8702 /* Diagonal Traverse.swift */; };
		A07E160C2435CE7500CC8702 /* README.md in Resources */ = {isa = PBXBuildFile; fileRef = A07E160B2435CE7500CC8702 /* README.md */; };
		A07E160E2435CFB800CC8702 /* Maximum Sum Subsequence Non-Adjacent.swift in Sources */ = {isa = PBXBuildFile; fileRef = A07E160D2435CFB800CC8702 /* Maximum Sum Subsequence Non-Adjacent.swift */; };
		A08BDB4624532A5400DE0D04 /* Number of Islands.swift in Sources */ = {isa = PBXBuildFile; fileRef = A08BDB4524532A5400DE0D04 /* Number of Islands.swift */; };
		A08BDB48245337C300DE0D04 /* Unique Paths.swift in Sources */ = {isa = PBXBuildFile; fileRef = A08BDB47245337C300DE0D04 /* Unique Paths.swift */; };
		A08BDB4A24534ED400DE0D04 /* Lowest Common Ancestor of a Binary Search Tree.swift in Sources */ = {isa = PBXBuildFile; fileRef = A08BDB4924534ED400DE0D04 /* Lowest Common Ancestor of a Binary Search Tree.swift */; };
		A08BDB4C24535E1C00DE0D04 /* Unique Binary Search Trees.swift in Sources */ = {isa = PBXBuildFile; fileRef = A08BDB4B24535E1C00DE0D04 /* Unique Binary Search Trees.swift */; };
		A08BDB4E2454650100DE0D04 /* Gas Station.swift in Sources */ = {isa = PBXBuildFile; fileRef = A08BDB4D2454650100DE0D04 /* Gas Station.swift */; };
		A08BDB502454986100DE0D04 /* Convert Sorted Array to Binary Search Tree.swift in Sources */ = {isa = PBXBuildFile; fileRef = A08BDB4F2454986100DE0D04 /* Convert Sorted Array to Binary Search Tree.swift */; };
		A09AA75224FBB6DD0039244A /* Search in Rotated Sorted Array.swift in Sources */ = {isa = PBXBuildFile; fileRef = A09AA75124FBB6DD0039244A /* Search in Rotated Sorted Array.swift */; };
		A0A3A2412446394E00B52B42 /* Permutations.swift in Sources */ = {isa = PBXBuildFile; fileRef = A0A3A2402446394E00B52B42 /* Permutations.swift */; };
		A0BD64412443604000C7A613 /* Delete Products.swift in Sources */ = {isa = PBXBuildFile; fileRef = A0BD64402443604000C7A613 /* Delete Products.swift */; };
		A0C2828E2450B90F006649E2 /* Longest Consecutive Sequence.swift in Sources */ = {isa = PBXBuildFile; fileRef = A0C2828D2450B90F006649E2 /* Longest Consecutive Sequence.swift */; };
		A0C282902450B997006649E2 /* Spiral Matrix.swift in Sources */ = {isa = PBXBuildFile; fileRef = A0C2828F2450B997006649E2 /* Spiral Matrix.swift */; };
		A0C282922450BA63006649E2 /* Merge Intervals.swift in Sources */ = {isa = PBXBuildFile; fileRef = A0C282912450BA63006649E2 /* Merge Intervals.swift */; };
		A0C282942450BB5D006649E2 /* Longest Increasing Subsequence.swift in Sources */ = {isa = PBXBuildFile; fileRef = A0C282932450BB5D006649E2 /* Longest Increasing Subsequence.swift */; };
		A0C282962450BC1D006649E2 /* Set Matrix Zeroes.swift in Sources */ = {isa = PBXBuildFile; fileRef = A0C282952450BC1D006649E2 /* Set Matrix Zeroes.swift */; };
		A0C282982450F5DD006649E2 /* Search a 2D Matrix II.swift in Sources */ = {isa = PBXBuildFile; fileRef = A0C282972450F5DD006649E2 /* Search a 2D Matrix II.swift */; };
		A0C2829A2450F6C5006649E2 /* Find Peak Element.swift in Sources */ = {isa = PBXBuildFile; fileRef = A0C282992450F6C5006649E2 /* Find Peak Element.swift */; };
		A0C2829C2450F7B6006649E2 /* Sort Colors.swift in Sources */ = {isa = PBXBuildFile; fileRef = A0C2829B2450F7B6006649E2 /* Sort Colors.swift */; };
		A0C830A624387FE7001E0D35 /* Best Time to Buy and Sell Stock.swift in Sources */ = {isa = PBXBuildFile; fileRef = A0C830A524387FE7001E0D35 /* Best Time to Buy and Sell Stock.swift */; };
		A0C830A82438A3DB001E0D35 /* SmallestPositiveInteger.swift in Sources */ = {isa = PBXBuildFile; fileRef = A0C830A72438A3DB001E0D35 /* SmallestPositiveInteger.swift */; };
		A0EAC889243626F900FDBF18 /* Coin Change.swift in Sources */ = {isa = PBXBuildFile; fileRef = A0EAC888243626F900FDBF18 /* Coin Change.swift */; };
		A0EAC88B24363A5500FDBF18 /* Climbing Stairs.swift in Sources */ = {isa = PBXBuildFile; fileRef = A0EAC88A24363A5500FDBF18 /* Climbing Stairs.swift */; };
		A0EDFAD52441E27B00244B2D /* Insert Delete GetRandom.swift in Sources */ = {isa = PBXBuildFile; fileRef = A0EDFAD42441E27B00244B2D /* Insert Delete GetRandom.swift */; };
		A0F5ECC3245084DE0010EA05 /* Two Sum.swift in Sources */ = {isa = PBXBuildFile; fileRef = A0F5ECC2245084DE0010EA05 /* Two Sum.swift */; };
		A0F5ECC5245085F40010EA05 /* Longest Common Prefix.swift in Sources */ = {isa = PBXBuildFile; fileRef = A0F5ECC4245085F40010EA05 /* Longest Common Prefix.swift */; };
		A0F5ECC82450891C0010EA05 /* Valid Parentheses.swift in Sources */ = {isa = PBXBuildFile; fileRef = A0F5ECC72450891C0010EA05 /* Valid Parentheses.swift */; };
		A0F5ECCA24508AAC0010EA05 /* Generate Parentheses.swift in Sources */ = {isa = PBXBuildFile; fileRef = A0F5ECC924508AAC0010EA05 /* Generate Parentheses.swift */; };
		A0F5ECCC24508C150010EA05 /* Group Anagrams.swift in Sources */ = {isa = PBXBuildFile; fileRef = A0F5ECCB24508C150010EA05 /* Group Anagrams.swift */; };
		A0F5ECCE245090150010EA05 /* Maximum Subarray.swift in Sources */ = {isa = PBXBuildFile; fileRef = A0F5ECCD245090150010EA05 /* Maximum Subarray.swift */; };
/* End PBXBuildFile section */

/* Begin PBXFileReference section */
		A0004F262489E6DA00CAEAA0 /* Minimum Remove to Make Valid Parentheses.swift */ = {isa = PBXFileReference; lastKnownFileType = sourcecode.swift; path = "Minimum Remove to Make Valid Parentheses.swift"; sourceTree = "<group>"; };
		A00107D124449214000030EA /* Tri.swift */ = {isa = PBXFileReference; lastKnownFileType = sourcecode.swift; path = Tri.swift; sourceTree = "<group>"; };
		A00107D32444B6BF000030EA /* MergeSort.swift */ = {isa = PBXFileReference; lastKnownFileType = sourcecode.swift; path = MergeSort.swift; sourceTree = "<group>"; };
		A00B7A6E2435CC6E00E8D351 /* DSA-Swift.app */ = {isa = PBXFileReference; explicitFileType = wrapper.application; includeInIndex = 0; path = "DSA-Swift.app"; sourceTree = BUILT_PRODUCTS_DIR; };
		A00B7A712435CC6E00E8D351 /* AppDelegate.swift */ = {isa = PBXFileReference; lastKnownFileType = sourcecode.swift; path = AppDelegate.swift; sourceTree = "<group>"; };
		A00B7A732435CC6E00E8D351 /* SceneDelegate.swift */ = {isa = PBXFileReference; lastKnownFileType = sourcecode.swift; path = SceneDelegate.swift; sourceTree = "<group>"; };
		A00B7A752435CC6E00E8D351 /* ViewController.swift */ = {isa = PBXFileReference; lastKnownFileType = sourcecode.swift; path = ViewController.swift; sourceTree = "<group>"; };
		A00B7A782435CC6E00E8D351 /* Base */ = {isa = PBXFileReference; lastKnownFileType = file.storyboard; name = Base; path = Base.lproj/Main.storyboard; sourceTree = "<group>"; };
		A00B7A7A2435CC7100E8D351 /* Assets.xcassets */ = {isa = PBXFileReference; lastKnownFileType = folder.assetcatalog; path = Assets.xcassets; sourceTree = "<group>"; };
		A00B7A7D2435CC7100E8D351 /* Base */ = {isa = PBXFileReference; lastKnownFileType = file.storyboard; name = Base; path = Base.lproj/LaunchScreen.storyboard; sourceTree = "<group>"; };
		A00B7A7F2435CC7100E8D351 /* Info.plist */ = {isa = PBXFileReference; lastKnownFileType = text.plist.xml; path = Info.plist; sourceTree = "<group>"; };
		A0238249244858970085B4A2 /* K-diff Pairs in an Array.swift */ = {isa = PBXFileReference; lastKnownFileType = sourcecode.swift; path = "K-diff Pairs in an Array.swift"; sourceTree = "<group>"; };
		A0315A1C247F7C53003336D5 /* Palindrome Partitioning.swift */ = {isa = PBXFileReference; lastKnownFileType = sourcecode.swift; path = "Palindrome Partitioning.swift"; sourceTree = "<group>"; };
		A03C44372483A6C200815E11 /* Longest Common Subsequence.swift */ = {isa = PBXFileReference; lastKnownFileType = sourcecode.swift; path = "Longest Common Subsequence.swift"; sourceTree = "<group>"; };
		A041D195244733020063BB30 /* Edit Distance.swift */ = {isa = PBXFileReference; lastKnownFileType = sourcecode.swift; path = "Edit Distance.swift"; sourceTree = "<group>"; };
		A04650C62440CBBC00E954C5 /* Minimum Window Substring.swift */ = {isa = PBXFileReference; lastKnownFileType = sourcecode.swift; path = "Minimum Window Substring.swift"; sourceTree = "<group>"; };
		A04D76A32480EE4700C50ED3 /* 3Sum Smaller.swift */ = {isa = PBXFileReference; lastKnownFileType = sourcecode.swift; path = "3Sum Smaller.swift"; sourceTree = "<group>"; };
		A04D76A5248101B500C50ED3 /* Contiguous Array.swift */ = {isa = PBXFileReference; lastKnownFileType = sourcecode.swift; path = "Contiguous Array.swift"; sourceTree = "<group>"; };
		A04E731C244879FB007CE243 /* Maximum Product Sum Among All Rotations.swift */ = {isa = PBXFileReference; lastKnownFileType = sourcecode.swift; path = "Maximum Product Sum Among All Rotations.swift"; sourceTree = "<group>"; };
		A04E731E2448B404007CE243 /* Minimum Swaps To Sort An Array.swift */ = {isa = PBXFileReference; lastKnownFileType = sourcecode.swift; path = "Minimum Swaps To Sort An Array.swift"; sourceTree = "<group>"; };
		A04E73202448E81D007CE243 /* Interleaving String.swift */ = {isa = PBXFileReference; lastKnownFileType = sourcecode.swift; path = "Interleaving String.swift"; sourceTree = "<group>"; };
		A05C7F42243A196000CB5854 /* House Robber.swift */ = {isa = PBXFileReference; lastKnownFileType = sourcecode.swift; path = "House Robber.swift"; sourceTree = "<group>"; };
		A05F44DF24755DFB00975D3A /* Construct Binary Tree from Preorder and Inorder Traversal.swift */ = {isa = PBXFileReference; lastKnownFileType = sourcecode.swift; path = "Construct Binary Tree from Preorder and Inorder Traversal.swift"; sourceTree = "<group>"; };
		A05F44E1247590E000975D3A /* Boundary Traversal Of Binary Tree .swift */ = {isa = PBXFileReference; lastKnownFileType = sourcecode.swift; path = "Boundary Traversal Of Binary Tree .swift"; sourceTree = "<group>"; };
		A05FADCD244258DC00A244B2 /* Frequencies of array elements in range 1 to n.swift */ = {isa = PBXFileReference; lastKnownFileType = sourcecode.swift; path = "Frequencies of array elements in range 1 to n.swift"; sourceTree = "<group>"; };
		A062CAF82447693F00521419 /* todoList */ = {isa = PBXFileReference; lastKnownFileType = text; path = todoList; sourceTree = "<group>"; };
		A06B2624243DFC48008BAAF6 /* Sum Tree.swift */ = {isa = PBXFileReference; lastKnownFileType = sourcecode.swift; path = "Sum Tree.swift"; sourceTree = "<group>"; };
		A06B2626243E08DB008BAAF6 /* Binary Tree Paths.swift */ = {isa = PBXFileReference; lastKnownFileType = sourcecode.swift; path = "Binary Tree Paths.swift"; sourceTree = "<group>"; };
		A06B2628243E42DE008BAAF6 /* Recover Binary Search Tree.swift */ = {isa = PBXFileReference; lastKnownFileType = sourcecode.swift; path = "Recover Binary Search Tree.swift"; sourceTree = "<group>"; };
		A06B262A243E5396008BAAF6 /* Reorder List.swift */ = {isa = PBXFileReference; lastKnownFileType = sourcecode.swift; path = "Reorder List.swift"; sourceTree = "<group>"; };
		A06B262D243F829B008BAAF6 /* Heap.swift */ = {isa = PBXFileReference; lastKnownFileType = sourcecode.swift; path = Heap.swift; sourceTree = "<group>"; };
		A070C35E2445D9120057E550 /* Sorter.swift */ = {isa = PBXFileReference; lastKnownFileType = sourcecode.swift; path = Sorter.swift; sourceTree = "<group>"; };
		A0732413249F4772009963E4 /* SubSetSum.swift */ = {isa = PBXFileReference; lastKnownFileType = sourcecode.swift; path = SubSetSum.swift; sourceTree = "<group>"; };
		A0732415249F47CD009963E4 /* Longest Palindromic Substring.swift */ = {isa = PBXFileReference; lastKnownFileType = sourcecode.swift; path = "Longest Palindromic Substring.swift"; sourceTree = "<group>"; };
		A07E15C52435CCB000CC8702 /* Executable.swift */ = {isa = PBXFileReference; fileEncoding = 4; lastKnownFileType = sourcecode.swift; path = Executable.swift; sourceTree = "<group>"; };
		A07E15C82435CCB000CC8702 /* Diameter of Binary Tree.swift */ = {isa = PBXFileReference; fileEncoding = 4; lastKnownFileType = sourcecode.swift; path = "Diameter of Binary Tree.swift"; sourceTree = "<group>"; };
		A07E15C92435CCB000CC8702 /* InvertBinaryTree.swift */ = {isa = PBXFileReference; fileEncoding = 4; lastKnownFileType = sourcecode.swift; path = InvertBinaryTree.swift; sourceTree = "<group>"; };
		A07E15CA2435CCB000CC8702 /* VerticalOrderTraversal.swift */ = {isa = PBXFileReference; fileEncoding = 4; lastKnownFileType = sourcecode.swift; path = VerticalOrderTraversal.swift; sourceTree = "<group>"; };
		A07E15CB2435CCB000CC8702 /* Validate Binary Search Tree.swift */ = {isa = PBXFileReference; fileEncoding = 4; lastKnownFileType = sourcecode.swift; path = "Validate Binary Search Tree.swift"; sourceTree = "<group>"; };
		A07E15CC2435CCB000CC8702 /* Kth Smallest Element in a BST.swift */ = {isa = PBXFileReference; fileEncoding = 4; lastKnownFileType = sourcecode.swift; path = "Kth Smallest Element in a BST.swift"; sourceTree = "<group>"; };
		A07E15CD2435CCB000CC8702 /* LCA of a Binary Tree.swift */ = {isa = PBXFileReference; fileEncoding = 4; lastKnownFileType = sourcecode.swift; path = "LCA of a Binary Tree.swift"; sourceTree = "<group>"; };
		A07E15CE2435CCB000CC8702 /* Tree.swift */ = {isa = PBXFileReference; fileEncoding = 4; lastKnownFileType = sourcecode.swift; path = Tree.swift; sourceTree = "<group>"; };
		A07E15CF2435CCB000CC8702 /* MaximumDepthofBinaryTree.swift */ = {isa = PBXFileReference; fileEncoding = 4; lastKnownFileType = sourcecode.swift; path = MaximumDepthofBinaryTree.swift; sourceTree = "<group>"; };
		A07E15D02435CCB000CC8702 /* MinimunDepth.swift */ = {isa = PBXFileReference; fileEncoding = 4; lastKnownFileType = sourcecode.swift; path = MinimunDepth.swift; sourceTree = "<group>"; };
		A07E15D12435CCB000CC8702 /* LevelOrderTraversal.swift */ = {isa = PBXFileReference; fileEncoding = 4; lastKnownFileType = sourcecode.swift; path = LevelOrderTraversal.swift; sourceTree = "<group>"; };
		A07E15D22435CCB000CC8702 /* MaximumPathSum.swift */ = {isa = PBXFileReference; fileEncoding = 4; lastKnownFileType = sourcecode.swift; path = MaximumPathSum.swift; sourceTree = "<group>"; };
		A07E15D32435CCB000CC8702 /* Shortest distance between two nodes in BST.swift */ = {isa = PBXFileReference; fileEncoding = 4; lastKnownFileType = sourcecode.swift; path = "Shortest distance between two nodes in BST.swift"; sourceTree = "<group>"; };
		A07E15D52435CCB000CC8702 /* LRUCache.swift */ = {isa = PBXFileReference; fileEncoding = 4; lastKnownFileType = sourcecode.swift; path = LRUCache.swift; sourceTree = "<group>"; };
		A07E15D72435CCB000CC8702 /* KthLargestElement.swift */ = {isa = PBXFileReference; fileEncoding = 4; lastKnownFileType = sourcecode.swift; path = KthLargestElement.swift; sourceTree = "<group>"; };
		A07E15D82435CCB000CC8702 /* Subsets.swift */ = {isa = PBXFileReference; fileEncoding = 4; lastKnownFileType = sourcecode.swift; path = Subsets.swift; sourceTree = "<group>"; };
		A07E15D92435CCB000CC8702 /* Jump Game.swift */ = {isa = PBXFileReference; fileEncoding = 4; lastKnownFileType = sourcecode.swift; path = "Jump Game.swift"; sourceTree = "<group>"; };
		A07E15DA2435CCB000CC8702 /* BinarySearch.swift */ = {isa = PBXFileReference; fileEncoding = 4; lastKnownFileType = sourcecode.swift; path = BinarySearch.swift; sourceTree = "<group>"; };
		A07E15DB2435CCB000CC8702 /* Subarray Sum Equals K.swift */ = {isa = PBXFileReference; fileEncoding = 4; lastKnownFileType = sourcecode.swift; path = "Subarray Sum Equals K.swift"; sourceTree = "<group>"; };
		A07E15DD2435CCB000CC8702 /* WordLadder.swift */ = {isa = PBXFileReference; fileEncoding = 4; lastKnownFileType = sourcecode.swift; path = WordLadder.swift; sourceTree = "<group>"; };
		A07E15DF2435CCB000CC8702 /* Power.swift */ = {isa = PBXFileReference; fileEncoding = 4; lastKnownFileType = sourcecode.swift; path = Power.swift; sourceTree = "<group>"; };
		A07E15E02435CCB000CC8702 /* Palindrome Number.swift */ = {isa = PBXFileReference; fileEncoding = 4; lastKnownFileType = sourcecode.swift; path = "Palindrome Number.swift"; sourceTree = "<group>"; };
		A07E15E12435CCB000CC8702 /* Count Primes.swift */ = {isa = PBXFileReference; fileEncoding = 4; lastKnownFileType = sourcecode.swift; path = "Count Primes.swift"; sourceTree = "<group>"; };
		A07E15E22435CCB000CC8702 /* Valid Number.swift */ = {isa = PBXFileReference; fileEncoding = 4; lastKnownFileType = sourcecode.swift; path = "Valid Number.swift"; sourceTree = "<group>"; };
		A07E15E42435CCB000CC8702 /* QuickSort.swift */ = {isa = PBXFileReference; fileEncoding = 4; lastKnownFileType = sourcecode.swift; path = QuickSort.swift; sourceTree = "<group>"; };
		A07E15E62435CCB000CC8702 /* Queue.swift */ = {isa = PBXFileReference; fileEncoding = 4; lastKnownFileType = sourcecode.swift; path = Queue.swift; sourceTree = "<group>"; };
		A07E15E82435CCB000CC8702 /* Partition Equal Subset Sum.swift */ = {isa = PBXFileReference; fileEncoding = 4; lastKnownFileType = sourcecode.swift; path = "Partition Equal Subset Sum.swift"; sourceTree = "<group>"; };
		A07E15EA2435CCB000CC8702 /* LinkList.swift */ = {isa = PBXFileReference; fileEncoding = 4; lastKnownFileType = sourcecode.swift; path = LinkList.swift; sourceTree = "<group>"; };
		A07E15EC2435CCB000CC8702 /* Diagonal Traverse.swift */ = {isa = PBXFileReference; fileEncoding = 4; lastKnownFileType = sourcecode.swift; path = "Diagonal Traverse.swift"; sourceTree = "<group>"; };
		A07E160B2435CE7500CC8702 /* README.md */ = {isa = PBXFileReference; fileEncoding = 4; lastKnownFileType = net.daringfireball.markdown; path = README.md; sourceTree = SOURCE_ROOT; };
		A07E160D2435CFB800CC8702 /* Maximum Sum Subsequence Non-Adjacent.swift */ = {isa = PBXFileReference; lastKnownFileType = sourcecode.swift; path = "Maximum Sum Subsequence Non-Adjacent.swift"; sourceTree = "<group>"; };
		A08BDB4524532A5400DE0D04 /* Number of Islands.swift */ = {isa = PBXFileReference; lastKnownFileType = sourcecode.swift; path = "Number of Islands.swift"; sourceTree = "<group>"; };
		A08BDB47245337C300DE0D04 /* Unique Paths.swift */ = {isa = PBXFileReference; lastKnownFileType = sourcecode.swift; path = "Unique Paths.swift"; sourceTree = "<group>"; };
		A08BDB4924534ED400DE0D04 /* Lowest Common Ancestor of a Binary Search Tree.swift */ = {isa = PBXFileReference; lastKnownFileType = sourcecode.swift; path = "Lowest Common Ancestor of a Binary Search Tree.swift"; sourceTree = "<group>"; };
		A08BDB4B24535E1C00DE0D04 /* Unique Binary Search Trees.swift */ = {isa = PBXFileReference; lastKnownFileType = sourcecode.swift; path = "Unique Binary Search Trees.swift"; sourceTree = "<group>"; };
		A08BDB4D2454650100DE0D04 /* Gas Station.swift */ = {isa = PBXFileReference; lastKnownFileType = sourcecode.swift; path = "Gas Station.swift"; sourceTree = "<group>"; };
		A08BDB4F2454986100DE0D04 /* Convert Sorted Array to Binary Search Tree.swift */ = {isa = PBXFileReference; lastKnownFileType = sourcecode.swift; path = "Convert Sorted Array to Binary Search Tree.swift"; sourceTree = "<group>"; };
		A09AA75124FBB6DD0039244A /* Search in Rotated Sorted Array.swift */ = {isa = PBXFileReference; lastKnownFileType = sourcecode.swift; path = "Search in Rotated Sorted Array.swift"; sourceTree = "<group>"; };
		A0A3A2402446394E00B52B42 /* Permutations.swift */ = {isa = PBXFileReference; lastKnownFileType = sourcecode.swift; path = Permutations.swift; sourceTree = "<group>"; };
		A0BD64402443604000C7A613 /* Delete Products.swift */ = {isa = PBXFileReference; lastKnownFileType = sourcecode.swift; path = "Delete Products.swift"; sourceTree = "<group>"; };
		A0C2828D2450B90F006649E2 /* Longest Consecutive Sequence.swift */ = {isa = PBXFileReference; lastKnownFileType = sourcecode.swift; path = "Longest Consecutive Sequence.swift"; sourceTree = "<group>"; };
		A0C2828F2450B997006649E2 /* Spiral Matrix.swift */ = {isa = PBXFileReference; lastKnownFileType = sourcecode.swift; path = "Spiral Matrix.swift"; sourceTree = "<group>"; };
		A0C282912450BA63006649E2 /* Merge Intervals.swift */ = {isa = PBXFileReference; lastKnownFileType = sourcecode.swift; path = "Merge Intervals.swift"; sourceTree = "<group>"; };
		A0C282932450BB5D006649E2 /* Longest Increasing Subsequence.swift */ = {isa = PBXFileReference; lastKnownFileType = sourcecode.swift; path = "Longest Increasing Subsequence.swift"; sourceTree = "<group>"; };
		A0C282952450BC1D006649E2 /* Set Matrix Zeroes.swift */ = {isa = PBXFileReference; lastKnownFileType = sourcecode.swift; path = "Set Matrix Zeroes.swift"; sourceTree = "<group>"; };
		A0C282972450F5DD006649E2 /* Search a 2D Matrix II.swift */ = {isa = PBXFileReference; lastKnownFileType = sourcecode.swift; path = "Search a 2D Matrix II.swift"; sourceTree = "<group>"; };
		A0C282992450F6C5006649E2 /* Find Peak Element.swift */ = {isa = PBXFileReference; lastKnownFileType = sourcecode.swift; path = "Find Peak Element.swift"; sourceTree = "<group>"; };
		A0C2829B2450F7B6006649E2 /* Sort Colors.swift */ = {isa = PBXFileReference; lastKnownFileType = sourcecode.swift; path = "Sort Colors.swift"; sourceTree = "<group>"; };
		A0C830A524387FE7001E0D35 /* Best Time to Buy and Sell Stock.swift */ = {isa = PBXFileReference; lastKnownFileType = sourcecode.swift; path = "Best Time to Buy and Sell Stock.swift"; sourceTree = "<group>"; };
		A0C830A72438A3DB001E0D35 /* SmallestPositiveInteger.swift */ = {isa = PBXFileReference; lastKnownFileType = sourcecode.swift; path = SmallestPositiveInteger.swift; sourceTree = "<group>"; };
		A0EAC888243626F900FDBF18 /* Coin Change.swift */ = {isa = PBXFileReference; lastKnownFileType = sourcecode.swift; path = "Coin Change.swift"; sourceTree = "<group>"; };
		A0EAC88A24363A5500FDBF18 /* Climbing Stairs.swift */ = {isa = PBXFileReference; lastKnownFileType = sourcecode.swift; path = "Climbing Stairs.swift"; sourceTree = "<group>"; };
		A0EDFAD42441E27B00244B2D /* Insert Delete GetRandom.swift */ = {isa = PBXFileReference; lastKnownFileType = sourcecode.swift; path = "Insert Delete GetRandom.swift"; sourceTree = "<group>"; };
		A0F5ECC2245084DE0010EA05 /* Two Sum.swift */ = {isa = PBXFileReference; lastKnownFileType = sourcecode.swift; path = "Two Sum.swift"; sourceTree = "<group>"; };
		A0F5ECC4245085F40010EA05 /* Longest Common Prefix.swift */ = {isa = PBXFileReference; lastKnownFileType = sourcecode.swift; path = "Longest Common Prefix.swift"; sourceTree = "<group>"; };
		A0F5ECC72450891C0010EA05 /* Valid Parentheses.swift */ = {isa = PBXFileReference; lastKnownFileType = sourcecode.swift; path = "Valid Parentheses.swift"; sourceTree = "<group>"; };
		A0F5ECC924508AAC0010EA05 /* Generate Parentheses.swift */ = {isa = PBXFileReference; lastKnownFileType = sourcecode.swift; path = "Generate Parentheses.swift"; sourceTree = "<group>"; };
		A0F5ECCB24508C150010EA05 /* Group Anagrams.swift */ = {isa = PBXFileReference; lastKnownFileType = sourcecode.swift; path = "Group Anagrams.swift"; sourceTree = "<group>"; };
		A0F5ECCD245090150010EA05 /* Maximum Subarray.swift */ = {isa = PBXFileReference; lastKnownFileType = sourcecode.swift; path = "Maximum Subarray.swift"; sourceTree = "<group>"; };
/* End PBXFileReference section */

/* Begin PBXFrameworksBuildPhase section */
		A00B7A6B2435CC6E00E8D351 /* Frameworks */ = {
			isa = PBXFrameworksBuildPhase;
			buildActionMask = 2147483647;
			files = (
			);
			runOnlyForDeploymentPostprocessing = 0;
		};
/* End PBXFrameworksBuildPhase section */

/* Begin PBXGroup section */
		A00107D0244491F3000030EA /* Tri */ = {
			isa = PBXGroup;
			children = (
				A00107D124449214000030EA /* Tri.swift */,
			);
			path = Tri;
			sourceTree = "<group>";
		};
		A00B7A652435CC6E00E8D351 = {
			isa = PBXGroup;
			children = (
				A00B7A702435CC6E00E8D351 /* DSA-Swift */,
				A00B7A6F2435CC6E00E8D351 /* Products */,
			);
			sourceTree = "<group>";
		};
		A00B7A6F2435CC6E00E8D351 /* Products */ = {
			isa = PBXGroup;
			children = (
				A00B7A6E2435CC6E00E8D351 /* DSA-Swift.app */,
			);
			name = Products;
			sourceTree = "<group>";
		};
		A00B7A702435CC6E00E8D351 /* DSA-Swift */ = {
			isa = PBXGroup;
			children = (
				A07E15C62435CCB000CC8702 /* SocurceCode */,
				A07E15C52435CCB000CC8702 /* Executable.swift */,
				A00B7A712435CC6E00E8D351 /* AppDelegate.swift */,
				A00B7A732435CC6E00E8D351 /* SceneDelegate.swift */,
				A00B7A752435CC6E00E8D351 /* ViewController.swift */,
				A00B7A772435CC6E00E8D351 /* Main.storyboard */,
				A00B7A7A2435CC7100E8D351 /* Assets.xcassets */,
				A00B7A7C2435CC7100E8D351 /* LaunchScreen.storyboard */,
				A00B7A7F2435CC7100E8D351 /* Info.plist */,
				A07E160B2435CE7500CC8702 /* README.md */,
				A062CAF82447693F00521419 /* todoList */,
			);
			path = "DSA-Swift";
			sourceTree = "<group>";
		};
		A06B262C243F8273008BAAF6 /* Heap */ = {
			isa = PBXGroup;
			children = (
				A06B262D243F829B008BAAF6 /* Heap.swift */,
			);
			path = Heap;
			sourceTree = "<group>";
		};
		A07E15C62435CCB000CC8702 /* SocurceCode */ = {
			isa = PBXGroup;
			children = (
				A07E15D62435CCB000CC8702 /* Array */,
				A0A3A23F2446393100B52B42 /* Backtracking */,
				A07E15D42435CCB000CC8702 /* Cache */,
				A07E15E72435CCB000CC8702 /* DP */,
				A07E15DC2435CCB000CC8702 /* Graph */,
				A06B262C243F8273008BAAF6 /* Heap */,
				A07E15E92435CCB000CC8702 /* LinkList */,
				A07E15DE2435CCB000CC8702 /* Math */,
				A07E15EB2435CCB000CC8702 /* Matrix */,
				A07E15E52435CCB000CC8702 /* Queue */,
				A07E15E32435CCB000CC8702 /* Sorting */,
				A0F5ECC62450890A0010EA05 /* Stack */,
				A07E15C72435CCB000CC8702 /* Tree */,
				A00107D0244491F3000030EA /* Tri */,
			);
			path = SocurceCode;
			sourceTree = "<group>";
		};
		A07E15C72435CCB000CC8702 /* Tree */ = {
			isa = PBXGroup;
			children = (
				A06B2626243E08DB008BAAF6 /* Binary Tree Paths.swift */,
				A08BDB4F2454986100DE0D04 /* Convert Sorted Array to Binary Search Tree.swift */,
				A07E15C82435CCB000CC8702 /* Diameter of Binary Tree.swift */,
				A07E15C92435CCB000CC8702 /* InvertBinaryTree.swift */,
				A07E15CC2435CCB000CC8702 /* Kth Smallest Element in a BST.swift */,
				A07E15CD2435CCB000CC8702 /* LCA of a Binary Tree.swift */,
				A07E15D12435CCB000CC8702 /* LevelOrderTraversal.swift */,
				A08BDB4924534ED400DE0D04 /* Lowest Common Ancestor of a Binary Search Tree.swift */,
				A07E15CF2435CCB000CC8702 /* MaximumDepthofBinaryTree.swift */,
				A07E15D22435CCB000CC8702 /* MaximumPathSum.swift */,
				A07E15D02435CCB000CC8702 /* MinimunDepth.swift */,
				A06B2628243E42DE008BAAF6 /* Recover Binary Search Tree.swift */,
				A07E15D32435CCB000CC8702 /* Shortest distance between two nodes in BST.swift */,
				A06B2624243DFC48008BAAF6 /* Sum Tree.swift */,
				A07E15CE2435CCB000CC8702 /* Tree.swift */,
				A08BDB4B24535E1C00DE0D04 /* Unique Binary Search Trees.swift */,
				A07E15CB2435CCB000CC8702 /* Validate Binary Search Tree.swift */,
				A07E15CA2435CCB000CC8702 /* VerticalOrderTraversal.swift */,
				A05F44DF24755DFB00975D3A /* Construct Binary Tree from Preorder and Inorder Traversal.swift */,
				A05F44E1247590E000975D3A /* Boundary Traversal Of Binary Tree .swift */,
			);
			path = Tree;
			sourceTree = "<group>";
		};
		A07E15D42435CCB000CC8702 /* Cache */ = {
			isa = PBXGroup;
			children = (
				A0EDFAD42441E27B00244B2D /* Insert Delete GetRandom.swift */,
				A07E15D52435CCB000CC8702 /* LRUCache.swift */,
			);
			path = Cache;
			sourceTree = "<group>";
		};
		A07E15D62435CCB000CC8702 /* Array */ = {
			isa = PBXGroup;
			children = (
				A07E15DA2435CCB000CC8702 /* BinarySearch.swift */,
				A0BD64402443604000C7A613 /* Delete Products.swift */,
				A0C282992450F6C5006649E2 /* Find Peak Element.swift */,
				A05FADCD244258DC00A244B2 /* Frequencies of array elements in range 1 to n.swift */,
				A0F5ECCB24508C150010EA05 /* Group Anagrams.swift */,
				A07E15D92435CCB000CC8702 /* Jump Game.swift */,
				A0238249244858970085B4A2 /* K-diff Pairs in an Array.swift */,
				A07E15D72435CCB000CC8702 /* KthLargestElement.swift */,
				A0F5ECC4245085F40010EA05 /* Longest Common Prefix.swift */,
				A0C2828D2450B90F006649E2 /* Longest Consecutive Sequence.swift */,
				A04E731C244879FB007CE243 /* Maximum Product Sum Among All Rotations.swift */,
				A0F5ECCD245090150010EA05 /* Maximum Subarray.swift */,
				A0C282912450BA63006649E2 /* Merge Intervals.swift */,
				A04E731E2448B404007CE243 /* Minimum Swaps To Sort An Array.swift */,
				A04650C62440CBBC00E954C5 /* Minimum Window Substring.swift */,
				A0C830A72438A3DB001E0D35 /* SmallestPositiveInteger.swift */,
				A0C2829B2450F7B6006649E2 /* Sort Colors.swift */,
				A07E15DB2435CCB000CC8702 /* Subarray Sum Equals K.swift */,
				A07E15D82435CCB000CC8702 /* Subsets.swift */,
				A0F5ECC2245084DE0010EA05 /* Two Sum.swift */,
				A08BDB4D2454650100DE0D04 /* Gas Station.swift */,
				A04D76A32480EE4700C50ED3 /* 3Sum Smaller.swift */,
				A04D76A5248101B500C50ED3 /* Contiguous Array.swift */,
				A0004F262489E6DA00CAEAA0 /* Minimum Remove to Make Valid Parentheses.swift */,
				A09AA75124FBB6DD0039244A /* Search in Rotated Sorted Array.swift */,
			);
			path = Array;
			sourceTree = "<group>";
		};
		A07E15DC2435CCB000CC8702 /* Graph */ = {
			isa = PBXGroup;
			children = (
				A07E15DD2435CCB000CC8702 /* WordLadder.swift */,
			);
			path = Graph;
			sourceTree = "<group>";
		};
		A07E15DE2435CCB000CC8702 /* Math */ = {
			isa = PBXGroup;
			children = (
				A07E15E12435CCB000CC8702 /* Count Primes.swift */,
				A07E15E02435CCB000CC8702 /* Palindrome Number.swift */,
				A07E15DF2435CCB000CC8702 /* Power.swift */,
				A07E15E22435CCB000CC8702 /* Valid Number.swift */,
			);
			path = Math;
			sourceTree = "<group>";
		};
		A07E15E32435CCB000CC8702 /* Sorting */ = {
			isa = PBXGroup;
			children = (
				A00107D32444B6BF000030EA /* MergeSort.swift */,
				A07E15E42435CCB000CC8702 /* QuickSort.swift */,
				A070C35E2445D9120057E550 /* Sorter.swift */,
			);
			path = Sorting;
			sourceTree = "<group>";
		};
		A07E15E52435CCB000CC8702 /* Queue */ = {
			isa = PBXGroup;
			children = (
				A07E15E62435CCB000CC8702 /* Queue.swift */,
			);
			path = Queue;
			sourceTree = "<group>";
		};
		A07E15E72435CCB000CC8702 /* DP */ = {
			isa = PBXGroup;
			children = (
				A0C830A524387FE7001E0D35 /* Best Time to Buy and Sell Stock.swift */,
				A0EAC88A24363A5500FDBF18 /* Climbing Stairs.swift */,
				A0EAC888243626F900FDBF18 /* Coin Change.swift */,
				A041D195244733020063BB30 /* Edit Distance.swift */,
				A05C7F42243A196000CB5854 /* House Robber.swift */,
				A04E73202448E81D007CE243 /* Interleaving String.swift */,
				A0C282932450BB5D006649E2 /* Longest Increasing Subsequence.swift */,
				A07E160D2435CFB800CC8702 /* Maximum Sum Subsequence Non-Adjacent.swift */,
				A07E15E82435CCB000CC8702 /* Partition Equal Subset Sum.swift */,
				A03C44372483A6C200815E11 /* Longest Common Subsequence.swift */,
				A0732413249F4772009963E4 /* SubSetSum.swift */,
				A0732415249F47CD009963E4 /* Longest Palindromic Substring.swift */,
			);
			path = DP;
			sourceTree = "<group>";
		};
		A07E15E92435CCB000CC8702 /* LinkList */ = {
			isa = PBXGroup;
			children = (
				A07E15EA2435CCB000CC8702 /* LinkList.swift */,
				A06B262A243E5396008BAAF6 /* Reorder List.swift */,
			);
			path = LinkList;
			sourceTree = "<group>";
		};
		A07E15EB2435CCB000CC8702 /* Matrix */ = {
			isa = PBXGroup;
			children = (
				A07E15EC2435CCB000CC8702 /* Diagonal Traverse.swift */,
				A08BDB4524532A5400DE0D04 /* Number of Islands.swift */,
				A0C282972450F5DD006649E2 /* Search a 2D Matrix II.swift */,
				A0C282952450BC1D006649E2 /* Set Matrix Zeroes.swift */,
				A0C2828F2450B997006649E2 /* Spiral Matrix.swift */,
				A08BDB47245337C300DE0D04 /* Unique Paths.swift */,
			);
			path = Matrix;
			sourceTree = "<group>";
		};
		A0A3A23F2446393100B52B42 /* Backtracking */ = {
			isa = PBXGroup;
			children = (
				A0F5ECC924508AAC0010EA05 /* Generate Parentheses.swift */,
				A0A3A2402446394E00B52B42 /* Permutations.swift */,
				A0315A1C247F7C53003336D5 /* Palindrome Partitioning.swift */,
			);
			path = Backtracking;
			sourceTree = "<group>";
		};
		A0F5ECC62450890A0010EA05 /* Stack */ = {
			isa = PBXGroup;
			children = (
				A0F5ECC72450891C0010EA05 /* Valid Parentheses.swift */,
			);
			path = Stack;
			sourceTree = "<group>";
		};
/* End PBXGroup section */

/* Begin PBXNativeTarget section */
		A00B7A6D2435CC6E00E8D351 /* DSA-Swift */ = {
			isa = PBXNativeTarget;
			buildConfigurationList = A00B7A822435CC7100E8D351 /* Build configuration list for PBXNativeTarget "DSA-Swift" */;
			buildPhases = (
				A00B7A6A2435CC6E00E8D351 /* Sources */,
				A00B7A6B2435CC6E00E8D351 /* Frameworks */,
				A00B7A6C2435CC6E00E8D351 /* Resources */,
			);
			buildRules = (
			);
			dependencies = (
			);
			name = "DSA-Swift";
			productName = "DSA-Swift";
			productReference = A00B7A6E2435CC6E00E8D351 /* DSA-Swift.app */;
			productType = "com.apple.product-type.application";
		};
/* End PBXNativeTarget section */

/* Begin PBXProject section */
		A00B7A662435CC6E00E8D351 /* Project object */ = {
			isa = PBXProject;
			attributes = {
				LastSwiftUpdateCheck = 1140;
				LastUpgradeCheck = 1140;
				ORGANIZATIONNAME = "Shivam Jaiswal";
				TargetAttributes = {
					A00B7A6D2435CC6E00E8D351 = {
						CreatedOnToolsVersion = 11.4;
					};
				};
			};
			buildConfigurationList = A00B7A692435CC6E00E8D351 /* Build configuration list for PBXProject "DSA-Swift" */;
			compatibilityVersion = "Xcode 9.3";
			developmentRegion = en;
			hasScannedForEncodings = 0;
			knownRegions = (
				en,
				Base,
			);
			mainGroup = A00B7A652435CC6E00E8D351;
			productRefGroup = A00B7A6F2435CC6E00E8D351 /* Products */;
			projectDirPath = "";
			projectRoot = "";
			targets = (
				A00B7A6D2435CC6E00E8D351 /* DSA-Swift */,
			);
		};
/* End PBXProject section */

/* Begin PBXResourcesBuildPhase section */
		A00B7A6C2435CC6E00E8D351 /* Resources */ = {
			isa = PBXResourcesBuildPhase;
			buildActionMask = 2147483647;
			files = (
				A00B7A7E2435CC7100E8D351 /* LaunchScreen.storyboard in Resources */,
				A062CAF92447693F00521419 /* todoList in Resources */,
				A00B7A7B2435CC7100E8D351 /* Assets.xcassets in Resources */,
				A07E160C2435CE7500CC8702 /* README.md in Resources */,
				A00B7A792435CC6E00E8D351 /* Main.storyboard in Resources */,
			);
			runOnlyForDeploymentPostprocessing = 0;
		};
/* End PBXResourcesBuildPhase section */

/* Begin PBXSourcesBuildPhase section */
		A00B7A6A2435CC6E00E8D351 /* Sources */ = {
			isa = PBXSourcesBuildPhase;
			buildActionMask = 2147483647;
			files = (
				A07E16082435CCB000CC8702 /* Partition Equal Subset Sum.swift in Sources */,
				A06B262E243F829B008BAAF6 /* Heap.swift in Sources */,
				A0A3A2412446394E00B52B42 /* Permutations.swift in Sources */,
				A0F5ECC5245085F40010EA05 /* Longest Common Prefix.swift in Sources */,
				A07E16032435CCB000CC8702 /* Palindrome Number.swift in Sources */,
				A04D76A42480EE4700C50ED3 /* 3Sum Smaller.swift in Sources */,
				A0F5ECCC24508C150010EA05 /* Group Anagrams.swift in Sources */,
				A00107D224449214000030EA /* Tri.swift in Sources */,
				A07E15FE2435CCB000CC8702 /* Jump Game.swift in Sources */,
				A0BD64412443604000C7A613 /* Delete Products.swift in Sources */,
				A070C35F2445D9120057E550 /* Sorter.swift in Sources */,
				A00B7A762435CC6E00E8D351 /* ViewController.swift in Sources */,
				A05F44E2247590E000975D3A /* Boundary Traversal Of Binary Tree .swift in Sources */,
				A0F5ECC3245084DE0010EA05 /* Two Sum.swift in Sources */,
				A07E15EE2435CCB000CC8702 /* Executable.swift in Sources */,
				A07E15FD2435CCB000CC8702 /* Subsets.swift in Sources */,
				A04E73212448E81D007CE243 /* Interleaving String.swift in Sources */,
				A06B2625243DFC48008BAAF6 /* Sum Tree.swift in Sources */,
				A0732416249F47CD009963E4 /* Longest Palindromic Substring.swift in Sources */,
				A04E731D244879FB007CE243 /* Maximum Product Sum Among All Rotations.swift in Sources */,
				A00B7A722435CC6E00E8D351 /* AppDelegate.swift in Sources */,
				A09AA75224FBB6DD0039244A /* Search in Rotated Sorted Array.swift in Sources */,
				A07E16012435CCB000CC8702 /* WordLadder.swift in Sources */,
				A07E16052435CCB000CC8702 /* Valid Number.swift in Sources */,
				A0F5ECC82450891C0010EA05 /* Valid Parentheses.swift in Sources */,
				A041D196244733020063BB30 /* Edit Distance.swift in Sources */,
				A07E15FC2435CCB000CC8702 /* KthLargestElement.swift in Sources */,
				A0C282942450BB5D006649E2 /* Longest Increasing Subsequence.swift in Sources */,
				A07E15FB2435CCB000CC8702 /* LRUCache.swift in Sources */,
				A0C282922450BA63006649E2 /* Merge Intervals.swift in Sources */,
				A03C44382483A6C200815E11 /* Longest Common Subsequence.swift in Sources */,
				A08BDB502454986100DE0D04 /* Convert Sorted Array to Binary Search Tree.swift in Sources */,
				A0C830A624387FE7001E0D35 /* Best Time to Buy and Sell Stock.swift in Sources */,
				A08BDB4624532A5400DE0D04 /* Number of Islands.swift in Sources */,
				A07E15F92435CCB000CC8702 /* MaximumPathSum.swift in Sources */,
				A0EDFAD52441E27B00244B2D /* Insert Delete GetRandom.swift in Sources */,
				A07E160E2435CFB800CC8702 /* Maximum Sum Subsequence Non-Adjacent.swift in Sources */,
				A06B2627243E08DB008BAAF6 /* Binary Tree Paths.swift in Sources */,
				A07E16042435CCB000CC8702 /* Count Primes.swift in Sources */,
				A07E16002435CCB000CC8702 /* Subarray Sum Equals K.swift in Sources */,
				A06B262B243E5396008BAAF6 /* Reorder List.swift in Sources */,
				A07E15F22435CCB000CC8702 /* Validate Binary Search Tree.swift in Sources */,
				A0C2829A2450F6C5006649E2 /* Find Peak Element.swift in Sources */,
				A023824A244858970085B4A2 /* K-diff Pairs in an Array.swift in Sources */,
				A00B7A742435CC6E00E8D351 /* SceneDelegate.swift in Sources */,
				A0C2829C2450F7B6006649E2 /* Sort Colors.swift in Sources */,
				A07E15F12435CCB000CC8702 /* VerticalOrderTraversal.swift in Sources */,
				A07E15FF2435CCB000CC8702 /* BinarySearch.swift in Sources */,
				A08BDB4A24534ED400DE0D04 /* Lowest Common Ancestor of a Binary Search Tree.swift in Sources */,
				A07E16072435CCB000CC8702 /* Queue.swift in Sources */,
				A07E15F82435CCB000CC8702 /* LevelOrderTraversal.swift in Sources */,
				A0732414249F4772009963E4 /* SubSetSum.swift in Sources */,
				A05FADCE244258DC00A244B2 /* Frequencies of array elements in range 1 to n.swift in Sources */,
				A07E15F62435CCB000CC8702 /* MaximumDepthofBinaryTree.swift in Sources */,
				A0C830A82438A3DB001E0D35 /* SmallestPositiveInteger.swift in Sources */,
				A00107D42444B6BF000030EA /* MergeSort.swift in Sources */,
				A0C2828E2450B90F006649E2 /* Longest Consecutive Sequence.swift in Sources */,
				A07E15F72435CCB000CC8702 /* MinimunDepth.swift in Sources */,
				A0315A1D247F7C53003336D5 /* Palindrome Partitioning.swift in Sources */,
				A06B2629243E42DE008BAAF6 /* Recover Binary Search Tree.swift in Sources */,
				A0C282902450B997006649E2 /* Spiral Matrix.swift in Sources */,
				A08BDB48245337C300DE0D04 /* Unique Paths.swift in Sources */,
				A08BDB4C24535E1C00DE0D04 /* Unique Binary Search Trees.swift in Sources */,
				A07E16092435CCB000CC8702 /* LinkList.swift in Sources */,
				A07E15F52435CCB000CC8702 /* Tree.swift in Sources */,
				A04E731F2448B404007CE243 /* Minimum Swaps To Sort An Array.swift in Sources */,
				A07E15F02435CCB000CC8702 /* InvertBinaryTree.swift in Sources */,
				A07E16022435CCB000CC8702 /* Power.swift in Sources */,
				A04650C72440CBBC00E954C5 /* Minimum Window Substring.swift in Sources */,
				A08BDB4E2454650100DE0D04 /* Gas Station.swift in Sources */,
				A0EAC88B24363A5500FDBF18 /* Climbing Stairs.swift in Sources */,
				A0F5ECCE245090150010EA05 /* Maximum Subarray.swift in Sources */,
				A0EAC889243626F900FDBF18 /* Coin Change.swift in Sources */,
				A0C282982450F5DD006649E2 /* Search a 2D Matrix II.swift in Sources */,
				A07E16062435CCB000CC8702 /* QuickSort.swift in Sources */,
				A04D76A6248101B500C50ED3 /* Contiguous Array.swift in Sources */,
				A07E15F32435CCB000CC8702 /* Kth Smallest Element in a BST.swift in Sources */,
				A0004F272489E6DA00CAEAA0 /* Minimum Remove to Make Valid Parentheses.swift in Sources */,
				A0F5ECCA24508AAC0010EA05 /* Generate Parentheses.swift in Sources */,
				A07E15F42435CCB000CC8702 /* LCA of a Binary Tree.swift in Sources */,
				A07E160A2435CCB000CC8702 /* Diagonal Traverse.swift in Sources */,
				A07E15EF2435CCB000CC8702 /* Diameter of Binary Tree.swift in Sources */,
				A07E15FA2435CCB000CC8702 /* Shortest distance between two nodes in BST.swift in Sources */,
				A0C282962450BC1D006649E2 /* Set Matrix Zeroes.swift in Sources */,
				A05C7F43243A196000CB5854 /* House Robber.swift in Sources */,
				A05F44E024755DFB00975D3A /* Construct Binary Tree from Preorder and Inorder Traversal.swift in Sources */,
			);
			runOnlyForDeploymentPostprocessing = 0;
		};
/* End PBXSourcesBuildPhase section */

/* Begin PBXVariantGroup section */
		A00B7A772435CC6E00E8D351 /* Main.storyboard */ = {
			isa = PBXVariantGroup;
			children = (
				A00B7A782435CC6E00E8D351 /* Base */,
			);
			name = Main.storyboard;
			sourceTree = "<group>";
		};
		A00B7A7C2435CC7100E8D351 /* LaunchScreen.storyboard */ = {
			isa = PBXVariantGroup;
			children = (
				A00B7A7D2435CC7100E8D351 /* Base */,
			);
			name = LaunchScreen.storyboard;
			sourceTree = "<group>";
		};
/* End PBXVariantGroup section */

/* Begin XCBuildConfiguration section */
		A00B7A802435CC7100E8D351 /* Debug */ = {
			isa = XCBuildConfiguration;
			buildSettings = {
				ALWAYS_SEARCH_USER_PATHS = NO;
				CLANG_ANALYZER_NONNULL = YES;
				CLANG_ANALYZER_NUMBER_OBJECT_CONVERSION = YES_AGGRESSIVE;
				CLANG_CXX_LANGUAGE_STANDARD = "gnu++14";
				CLANG_CXX_LIBRARY = "libc++";
				CLANG_ENABLE_MODULES = YES;
				CLANG_ENABLE_OBJC_ARC = YES;
				CLANG_ENABLE_OBJC_WEAK = YES;
				CLANG_WARN_BLOCK_CAPTURE_AUTORELEASING = YES;
				CLANG_WARN_BOOL_CONVERSION = YES;
				CLANG_WARN_COMMA = YES;
				CLANG_WARN_CONSTANT_CONVERSION = YES;
				CLANG_WARN_DEPRECATED_OBJC_IMPLEMENTATIONS = YES;
				CLANG_WARN_DIRECT_OBJC_ISA_USAGE = YES_ERROR;
				CLANG_WARN_DOCUMENTATION_COMMENTS = YES;
				CLANG_WARN_EMPTY_BODY = YES;
				CLANG_WARN_ENUM_CONVERSION = YES;
				CLANG_WARN_INFINITE_RECURSION = YES;
				CLANG_WARN_INT_CONVERSION = YES;
				CLANG_WARN_NON_LITERAL_NULL_CONVERSION = YES;
				CLANG_WARN_OBJC_IMPLICIT_RETAIN_SELF = YES;
				CLANG_WARN_OBJC_LITERAL_CONVERSION = YES;
				CLANG_WARN_OBJC_ROOT_CLASS = YES_ERROR;
				CLANG_WARN_RANGE_LOOP_ANALYSIS = YES;
				CLANG_WARN_STRICT_PROTOTYPES = YES;
				CLANG_WARN_SUSPICIOUS_MOVE = YES;
				CLANG_WARN_UNGUARDED_AVAILABILITY = YES_AGGRESSIVE;
				CLANG_WARN_UNREACHABLE_CODE = YES;
				CLANG_WARN__DUPLICATE_METHOD_MATCH = YES;
				COPY_PHASE_STRIP = NO;
				DEBUG_INFORMATION_FORMAT = dwarf;
				ENABLE_STRICT_OBJC_MSGSEND = YES;
				ENABLE_TESTABILITY = YES;
				GCC_C_LANGUAGE_STANDARD = gnu11;
				GCC_DYNAMIC_NO_PIC = NO;
				GCC_NO_COMMON_BLOCKS = YES;
				GCC_OPTIMIZATION_LEVEL = 0;
				GCC_PREPROCESSOR_DEFINITIONS = (
					"DEBUG=1",
					"$(inherited)",
				);
				GCC_WARN_64_TO_32_BIT_CONVERSION = YES;
				GCC_WARN_ABOUT_RETURN_TYPE = YES_ERROR;
				GCC_WARN_UNDECLARED_SELECTOR = YES;
				GCC_WARN_UNINITIALIZED_AUTOS = YES_AGGRESSIVE;
				GCC_WARN_UNUSED_FUNCTION = YES;
				GCC_WARN_UNUSED_VARIABLE = YES;
				IPHONEOS_DEPLOYMENT_TARGET = 13.4;
				MTL_ENABLE_DEBUG_INFO = INCLUDE_SOURCE;
				MTL_FAST_MATH = YES;
				ONLY_ACTIVE_ARCH = YES;
				SDKROOT = iphoneos;
				SWIFT_ACTIVE_COMPILATION_CONDITIONS = DEBUG;
				SWIFT_OPTIMIZATION_LEVEL = "-Onone";
			};
			name = Debug;
		};
		A00B7A812435CC7100E8D351 /* Release */ = {
			isa = XCBuildConfiguration;
			buildSettings = {
				ALWAYS_SEARCH_USER_PATHS = NO;
				CLANG_ANALYZER_NONNULL = YES;
				CLANG_ANALYZER_NUMBER_OBJECT_CONVERSION = YES_AGGRESSIVE;
				CLANG_CXX_LANGUAGE_STANDARD = "gnu++14";
				CLANG_CXX_LIBRARY = "libc++";
				CLANG_ENABLE_MODULES = YES;
				CLANG_ENABLE_OBJC_ARC = YES;
				CLANG_ENABLE_OBJC_WEAK = YES;
				CLANG_WARN_BLOCK_CAPTURE_AUTORELEASING = YES;
				CLANG_WARN_BOOL_CONVERSION = YES;
				CLANG_WARN_COMMA = YES;
				CLANG_WARN_CONSTANT_CONVERSION = YES;
				CLANG_WARN_DEPRECATED_OBJC_IMPLEMENTATIONS = YES;
				CLANG_WARN_DIRECT_OBJC_ISA_USAGE = YES_ERROR;
				CLANG_WARN_DOCUMENTATION_COMMENTS = YES;
				CLANG_WARN_EMPTY_BODY = YES;
				CLANG_WARN_ENUM_CONVERSION = YES;
				CLANG_WARN_INFINITE_RECURSION = YES;
				CLANG_WARN_INT_CONVERSION = YES;
				CLANG_WARN_NON_LITERAL_NULL_CONVERSION = YES;
				CLANG_WARN_OBJC_IMPLICIT_RETAIN_SELF = YES;
				CLANG_WARN_OBJC_LITERAL_CONVERSION = YES;
				CLANG_WARN_OBJC_ROOT_CLASS = YES_ERROR;
				CLANG_WARN_RANGE_LOOP_ANALYSIS = YES;
				CLANG_WARN_STRICT_PROTOTYPES = YES;
				CLANG_WARN_SUSPICIOUS_MOVE = YES;
				CLANG_WARN_UNGUARDED_AVAILABILITY = YES_AGGRESSIVE;
				CLANG_WARN_UNREACHABLE_CODE = YES;
				CLANG_WARN__DUPLICATE_METHOD_MATCH = YES;
				COPY_PHASE_STRIP = NO;
				DEBUG_INFORMATION_FORMAT = "dwarf-with-dsym";
				ENABLE_NS_ASSERTIONS = NO;
				ENABLE_STRICT_OBJC_MSGSEND = YES;
				GCC_C_LANGUAGE_STANDARD = gnu11;
				GCC_NO_COMMON_BLOCKS = YES;
				GCC_WARN_64_TO_32_BIT_CONVERSION = YES;
				GCC_WARN_ABOUT_RETURN_TYPE = YES_ERROR;
				GCC_WARN_UNDECLARED_SELECTOR = YES;
				GCC_WARN_UNINITIALIZED_AUTOS = YES_AGGRESSIVE;
				GCC_WARN_UNUSED_FUNCTION = YES;
				GCC_WARN_UNUSED_VARIABLE = YES;
				IPHONEOS_DEPLOYMENT_TARGET = 13.4;
				MTL_ENABLE_DEBUG_INFO = NO;
				MTL_FAST_MATH = YES;
				SDKROOT = iphoneos;
				SWIFT_COMPILATION_MODE = wholemodule;
				SWIFT_OPTIMIZATION_LEVEL = "-O";
				VALIDATE_PRODUCT = YES;
			};
			name = Release;
		};
		A00B7A832435CC7100E8D351 /* Debug */ = {
			isa = XCBuildConfiguration;
			buildSettings = {
				ASSETCATALOG_COMPILER_APPICON_NAME = AppIcon;
				CODE_SIGN_STYLE = Automatic;
				DEVELOPMENT_TEAM = YYU9SVC7P9;
				INFOPLIST_FILE = "DSA-Swift/Info.plist";
				IPHONEOS_DEPLOYMENT_TARGET = 13.0;
				LD_RUNPATH_SEARCH_PATHS = (
					"$(inherited)",
					"@executable_path/Frameworks",
				);
				PRODUCT_BUNDLE_IDENTIFIER = "com.dsa.DSA-Swift";
				PRODUCT_NAME = "$(TARGET_NAME)";
				SWIFT_VERSION = 5.0;
				TARGETED_DEVICE_FAMILY = "1,2";
			};
			name = Debug;
		};
		A00B7A842435CC7100E8D351 /* Release */ = {
			isa = XCBuildConfiguration;
			buildSettings = {
				ASSETCATALOG_COMPILER_APPICON_NAME = AppIcon;
				CODE_SIGN_STYLE = Automatic;
				DEVELOPMENT_TEAM = YYU9SVC7P9;
				INFOPLIST_FILE = "DSA-Swift/Info.plist";
				IPHONEOS_DEPLOYMENT_TARGET = 13.0;
				LD_RUNPATH_SEARCH_PATHS = (
					"$(inherited)",
					"@executable_path/Frameworks",
				);
				PRODUCT_BUNDLE_IDENTIFIER = "com.dsa.DSA-Swift";
				PRODUCT_NAME = "$(TARGET_NAME)";
				SWIFT_VERSION = 5.0;
				TARGETED_DEVICE_FAMILY = "1,2";
			};
			name = Release;
		};
/* End XCBuildConfiguration section */

/* Begin XCConfigurationList section */
		A00B7A692435CC6E00E8D351 /* Build configuration list for PBXProject "DSA-Swift" */ = {
			isa = XCConfigurationList;
			buildConfigurations = (
				A00B7A802435CC7100E8D351 /* Debug */,
				A00B7A812435CC7100E8D351 /* Release */,
			);
			defaultConfigurationIsVisible = 0;
			defaultConfigurationName = Release;
		};
		A00B7A822435CC7100E8D351 /* Build configuration list for PBXNativeTarget "DSA-Swift" */ = {
			isa = XCConfigurationList;
			buildConfigurations = (
				A00B7A832435CC7100E8D351 /* Debug */,
				A00B7A842435CC7100E8D351 /* Release */,
			);
			defaultConfigurationIsVisible = 0;
			defaultConfigurationName = Release;
		};
/* End XCConfigurationList section */
	};
	rootObject = A00B7A662435CC6E00E8D351 /* Project object */;
}
